
Microsoft Visual Studio Solution File, Format Version 12.00
# Visual Studio Version 17
VisualStudioVersion = 17.6.33815.320
MinimumVisualStudioVersion = 10.0.40219.1
Project("{FAE04EC0-301F-11D3-BF4B-00C04F79EFBC}") = "Attendance system", "Attendance system.csproj", "{758B92AB-661E-4E35-8398-B7446B6C436E}"
EndProject
Global
	GlobalSection(SolutionConfigurationPlatforms) = preSolution
		Debug|Any CPU = Debug|Any CPU
		Release|Any CPU = Release|Any CPU
	EndGlobalSection
	GlobalSection(ProjectConfigurationPlatforms) = postSolution
		{758B92AB-661E-4E35-8398-B7446B6C436E}.Debug|Any CPU.ActiveCfg = Debug|Any CPU
		{758B92AB-661E-4E35-8398-B7446B6C436E}.Debug|Any CPU.Build.0 = Debug|Any CPU
		{758B92AB-661E-4E35-8398-B7446B6C436E}.Release|Any CPU.ActiveCfg = Release|Any CPU
		{758B92AB-661E-4E35-8398-B7446B6C436E}.Release|Any CPU.Build.0 = Release|Any CPU
	EndGlobalSection
	GlobalSection(SolutionProperties) = preSolution
		HideSolutionNode = FALSE
	EndGlobalSection
	GlobalSection(ExtensibilityGlobals) = postSolution
		SolutionGuid = {CB26D99A-992A-4A6C-BB75-CB77C64BBAAA}
	EndGlobalSection
EndGlobal
